// !$*UTF8*$!
{
	archiveVersion = 1;
	classes = {
	};
	objectVersion = 46;
	objects = {

/* Begin PBXBuildFile section */
		CC008D671D0C631E008C0646 /* Charts.framework in Frameworks */ = {isa = PBXBuildFile; fileRef = CC008D601D0C630F008C0646 /* Charts.framework */; };
		CC008D681D0C631E008C0646 /* Charts.framework in Embed Frameworks */ = {isa = PBXBuildFile; fileRef = CC008D601D0C630F008C0646 /* Charts.framework */; settings = {ATTRIBUTES = (CodeSignOnCopy, RemoveHeadersOnCopy, ); }; };
		CCD5543C1D09B5B000CFA4C7 /* AppDelegate.swift in Sources */ = {isa = PBXBuildFile; fileRef = CCD5543B1D09B5B000CFA4C7 /* AppDelegate.swift */; };
		CCD5543E1D09B5B000CFA4C7 /* ViewController.swift in Sources */ = {isa = PBXBuildFile; fileRef = CCD5543D1D09B5B000CFA4C7 /* ViewController.swift */; };
		CCD554411D09B5B000CFA4C7 /* Main.storyboard in Resources */ = {isa = PBXBuildFile; fileRef = CCD5543F1D09B5B000CFA4C7 /* Main.storyboard */; };
		CCD554431D09B5B000CFA4C7 /* Assets.xcassets in Resources */ = {isa = PBXBuildFile; fileRef = CCD554421D09B5B000CFA4C7 /* Assets.xcassets */; };
		CCD554461D09B5B000CFA4C7 /* LaunchScreen.storyboard in Resources */ = {isa = PBXBuildFile; fileRef = CCD554441D09B5B000CFA4C7 /* LaunchScreen.storyboard */; };
		CCD554511D09B5B100CFA4C7 /* Electric_MeterTests.swift in Sources */ = {isa = PBXBuildFile; fileRef = CCD554501D09B5B100CFA4C7 /* Electric_MeterTests.swift */; };
		CCD5545C1D09B5B100CFA4C7 /* Electric_MeterUITests.swift in Sources */ = {isa = PBXBuildFile; fileRef = CCD5545B1D09B5B100CFA4C7 /* Electric_MeterUITests.swift */; };
		CCD554CA1D09DE7800CFA4C7 /* Alamofire.framework in Frameworks */ = {isa = PBXBuildFile; fileRef = CCD554BD1D09DE6400CFA4C7 /* Alamofire.framework */; };
		CCD554CB1D09DE7800CFA4C7 /* Alamofire.framework in Embed Frameworks */ = {isa = PBXBuildFile; fileRef = CCD554BD1D09DE6400CFA4C7 /* Alamofire.framework */; settings = {ATTRIBUTES = (CodeSignOnCopy, RemoveHeadersOnCopy, ); }; };
		CCF8390E1D0BD466009F8D91 /* InitialViewController.swift in Sources */ = {isa = PBXBuildFile; fileRef = CCF8390D1D0BD466009F8D91 /* InitialViewController.swift */; };
		CCFD66E41D0B15BF00B4FCA4 /* MBProgressHUD.m in Sources */ = {isa = PBXBuildFile; fileRef = CCFD66E31D0B15BF00B4FCA4 /* MBProgressHUD.m */; };
/* End PBXBuildFile section */

/* Begin PBXContainerItemProxy section */
		CC008D5F1D0C630F008C0646 /* PBXContainerItemProxy */ = {
			isa = PBXContainerItemProxy;
			containerPortal = CC008D581D0C630F008C0646 /* Charts.xcodeproj */;
			proxyType = 2;
			remoteGlobalIDString = 5BA8EC401A9D14DC00CE82E1;
			remoteInfo = "Charts-iOS";
		};
		CC008D611D0C630F008C0646 /* PBXContainerItemProxy */ = {
			isa = PBXContainerItemProxy;
			containerPortal = CC008D581D0C630F008C0646 /* Charts.xcodeproj */;
			proxyType = 2;
			remoteGlobalIDString = A52C5C371BAC5CA400594CDD;
			remoteInfo = "Charts-TV";
		};
		CC008D631D0C630F008C0646 /* PBXContainerItemProxy */ = {
			isa = PBXContainerItemProxy;
			containerPortal = CC008D581D0C630F008C0646 /* Charts.xcodeproj */;
			proxyType = 2;
			remoteGlobalIDString = 65B3F5BF1C7370BE000983D0;
			remoteInfo = "Charts-OSX";
		};
		CC008D651D0C630F008C0646 /* PBXContainerItemProxy */ = {
			isa = PBXContainerItemProxy;
			containerPortal = CC008D581D0C630F008C0646 /* Charts.xcodeproj */;
			proxyType = 2;
			remoteGlobalIDString = 06AEE7A21BDC3F8B009875AE;
			remoteInfo = ChartsTests;
		};
		CC008D691D0C631F008C0646 /* PBXContainerItemProxy */ = {
			isa = PBXContainerItemProxy;
			containerPortal = CC008D581D0C630F008C0646 /* Charts.xcodeproj */;
			proxyType = 1;
			remoteGlobalIDString = 5BA8EC3F1A9D14DC00CE82E1;
			remoteInfo = "Charts-iOS";
		};
		CCD5544D1D09B5B100CFA4C7 /* PBXContainerItemProxy */ = {
			isa = PBXContainerItemProxy;
			containerPortal = CCD554301D09B5B000CFA4C7 /* Project object */;
			proxyType = 1;
			remoteGlobalIDString = CCD554371D09B5B000CFA4C7;
			remoteInfo = "Electric Meter";
		};
		CCD554581D09B5B100CFA4C7 /* PBXContainerItemProxy */ = {
			isa = PBXContainerItemProxy;
			containerPortal = CCD554301D09B5B000CFA4C7 /* Project object */;
			proxyType = 1;
			remoteGlobalIDString = CCD554371D09B5B000CFA4C7;
			remoteInfo = "Electric Meter";
		};
		CCD554BC1D09DE6400CFA4C7 /* PBXContainerItemProxy */ = {
			isa = PBXContainerItemProxy;
			containerPortal = CCD554B21D09DE6400CFA4C7 /* Alamofire.xcodeproj */;
			proxyType = 2;
			remoteGlobalIDString = F8111E3319A95C8B0040E7D1;
			remoteInfo = "Alamofire iOS";
		};
		CCD554BE1D09DE6400CFA4C7 /* PBXContainerItemProxy */ = {
			isa = PBXContainerItemProxy;
			containerPortal = CCD554B21D09DE6400CFA4C7 /* Alamofire.xcodeproj */;
			proxyType = 2;
			remoteGlobalIDString = F8111E3E19A95C8B0040E7D1;
			remoteInfo = "Alamofire iOS Tests";
		};
		CCD554C01D09DE6400CFA4C7 /* PBXContainerItemProxy */ = {
			isa = PBXContainerItemProxy;
			containerPortal = CCD554B21D09DE6400CFA4C7 /* Alamofire.xcodeproj */;
			proxyType = 2;
			remoteGlobalIDString = 4DD67C0B1A5C55C900ED2280;
			remoteInfo = "Alamofire OSX";
		};
		CCD554C21D09DE6400CFA4C7 /* PBXContainerItemProxy */ = {
			isa = PBXContainerItemProxy;
			containerPortal = CCD554B21D09DE6400CFA4C7 /* Alamofire.xcodeproj */;
			proxyType = 2;
			remoteGlobalIDString = F829C6B21A7A94F100A2CD59;
			remoteInfo = "Alamofire OSX Tests";
		};
		CCD554C41D09DE6400CFA4C7 /* PBXContainerItemProxy */ = {
			isa = PBXContainerItemProxy;
			containerPortal = CCD554B21D09DE6400CFA4C7 /* Alamofire.xcodeproj */;
			proxyType = 2;
			remoteGlobalIDString = 4CF626EF1BA7CB3E0011A099;
			remoteInfo = "Alamofire tvOS";
		};
		CCD554C61D09DE6400CFA4C7 /* PBXContainerItemProxy */ = {
			isa = PBXContainerItemProxy;
			containerPortal = CCD554B21D09DE6400CFA4C7 /* Alamofire.xcodeproj */;
			proxyType = 2;
			remoteGlobalIDString = 4CF626F81BA7CB3E0011A099;
			remoteInfo = "Alamofire tvOS Tests";
		};
		CCD554C81D09DE6400CFA4C7 /* PBXContainerItemProxy */ = {
			isa = PBXContainerItemProxy;
			containerPortal = CCD554B21D09DE6400CFA4C7 /* Alamofire.xcodeproj */;
			proxyType = 2;
			remoteGlobalIDString = E4202FE01B667AA100C997FB;
			remoteInfo = "Alamofire watchOS";
		};
		CCD554CC1D09DE7800CFA4C7 /* PBXContainerItemProxy */ = {
			isa = PBXContainerItemProxy;
			containerPortal = CCD554B21D09DE6400CFA4C7 /* Alamofire.xcodeproj */;
			proxyType = 1;
			remoteGlobalIDString = F8111E3219A95C8B0040E7D1;
			remoteInfo = "Alamofire iOS";
		};
/* End PBXContainerItemProxy section */

/* Begin PBXCopyFilesBuildPhase section */
		CCD5547C1D09B66700CFA4C7 /* Embed Frameworks */ = {
			isa = PBXCopyFilesBuildPhase;
			buildActionMask = 2147483647;
			dstPath = "";
			dstSubfolderSpec = 10;
			files = (
				CCD554CB1D09DE7800CFA4C7 /* Alamofire.framework in Embed Frameworks */,
				CC008D681D0C631E008C0646 /* Charts.framework in Embed Frameworks */,
			);
			name = "Embed Frameworks";
			runOnlyForDeploymentPostprocessing = 0;
		};
/* End PBXCopyFilesBuildPhase section */

/* Begin PBXFileReference section */
		CC008D581D0C630F008C0646 /* Charts.xcodeproj */ = {isa = PBXFileReference; lastKnownFileType = "wrapper.pb-project"; name = Charts.xcodeproj; path = Charts/Charts.xcodeproj; sourceTree = "<group>"; };
		CCD554381D09B5B000CFA4C7 /* Electric Meter.app */ = {isa = PBXFileReference; explicitFileType = wrapper.application; includeInIndex = 0; path = "Electric Meter.app"; sourceTree = BUILT_PRODUCTS_DIR; };
		CCD5543B1D09B5B000CFA4C7 /* AppDelegate.swift */ = {isa = PBXFileReference; lastKnownFileType = sourcecode.swift; path = AppDelegate.swift; sourceTree = "<group>"; };
		CCD5543D1D09B5B000CFA4C7 /* ViewController.swift */ = {isa = PBXFileReference; lastKnownFileType = sourcecode.swift; path = ViewController.swift; sourceTree = "<group>"; };
		CCD554401D09B5B000CFA4C7 /* Base */ = {isa = PBXFileReference; lastKnownFileType = file.storyboard; name = Base; path = Base.lproj/Main.storyboard; sourceTree = "<group>"; };
		CCD554421D09B5B000CFA4C7 /* Assets.xcassets */ = {isa = PBXFileReference; lastKnownFileType = folder.assetcatalog; path = Assets.xcassets; sourceTree = "<group>"; };
		CCD554451D09B5B000CFA4C7 /* Base */ = {isa = PBXFileReference; lastKnownFileType = file.storyboard; name = Base; path = Base.lproj/LaunchScreen.storyboard; sourceTree = "<group>"; };
		CCD554471D09B5B000CFA4C7 /* Info.plist */ = {isa = PBXFileReference; lastKnownFileType = text.plist.xml; path = Info.plist; sourceTree = "<group>"; };
		CCD5544C1D09B5B000CFA4C7 /* Electric MeterTests.xctest */ = {isa = PBXFileReference; explicitFileType = wrapper.cfbundle; includeInIndex = 0; path = "Electric MeterTests.xctest"; sourceTree = BUILT_PRODUCTS_DIR; };
		CCD554501D09B5B100CFA4C7 /* Electric_MeterTests.swift */ = {isa = PBXFileReference; lastKnownFileType = sourcecode.swift; path = Electric_MeterTests.swift; sourceTree = "<group>"; };
		CCD554521D09B5B100CFA4C7 /* Info.plist */ = {isa = PBXFileReference; lastKnownFileType = text.plist.xml; path = Info.plist; sourceTree = "<group>"; };
		CCD554571D09B5B100CFA4C7 /* Electric MeterUITests.xctest */ = {isa = PBXFileReference; explicitFileType = wrapper.cfbundle; includeInIndex = 0; path = "Electric MeterUITests.xctest"; sourceTree = BUILT_PRODUCTS_DIR; };
		CCD5545B1D09B5B100CFA4C7 /* Electric_MeterUITests.swift */ = {isa = PBXFileReference; lastKnownFileType = sourcecode.swift; path = Electric_MeterUITests.swift; sourceTree = "<group>"; };
		CCD5545D1D09B5B100CFA4C7 /* Info.plist */ = {isa = PBXFileReference; lastKnownFileType = text.plist.xml; path = Info.plist; sourceTree = "<group>"; };
		CCD554B21D09DE6400CFA4C7 /* Alamofire.xcodeproj */ = {isa = PBXFileReference; lastKnownFileType = "wrapper.pb-project"; name = Alamofire.xcodeproj; path = Alamofire/Alamofire.xcodeproj; sourceTree = "<group>"; };
		CCF8390D1D0BD466009F8D91 /* InitialViewController.swift */ = {isa = PBXFileReference; fileEncoding = 4; lastKnownFileType = sourcecode.swift; path = InitialViewController.swift; sourceTree = "<group>"; };
		CCFD66E11D0B15BF00B4FCA4 /* Electric Meter-Bridging-Header.h */ = {isa = PBXFileReference; lastKnownFileType = sourcecode.c.h; path = "Electric Meter-Bridging-Header.h"; sourceTree = "<group>"; };
		CCFD66E21D0B15BF00B4FCA4 /* MBProgressHUD.h */ = {isa = PBXFileReference; fileEncoding = 4; lastKnownFileType = sourcecode.c.h; name = MBProgressHUD.h; path = MBProgressHUD/MBProgressHUD.h; sourceTree = "<group>"; };
		CCFD66E31D0B15BF00B4FCA4 /* MBProgressHUD.m */ = {isa = PBXFileReference; fileEncoding = 4; lastKnownFileType = sourcecode.c.objc; name = MBProgressHUD.m; path = MBProgressHUD/MBProgressHUD.m; sourceTree = "<group>"; };
/* End PBXFileReference section */

/* Begin PBXFrameworksBuildPhase section */
		CCD554351D09B5B000CFA4C7 /* Frameworks */ = {
			isa = PBXFrameworksBuildPhase;
			buildActionMask = 2147483647;
			files = (
				CCD554CA1D09DE7800CFA4C7 /* Alamofire.framework in Frameworks */,
				CC008D671D0C631E008C0646 /* Charts.framework in Frameworks */,
			);
			runOnlyForDeploymentPostprocessing = 0;
		};
		CCD554491D09B5B000CFA4C7 /* Frameworks */ = {
			isa = PBXFrameworksBuildPhase;
			buildActionMask = 2147483647;
			files = (
			);
			runOnlyForDeploymentPostprocessing = 0;
		};
		CCD554541D09B5B100CFA4C7 /* Frameworks */ = {
			isa = PBXFrameworksBuildPhase;
			buildActionMask = 2147483647;
			files = (
			);
			runOnlyForDeploymentPostprocessing = 0;
		};
/* End PBXFrameworksBuildPhase section */

/* Begin PBXGroup section */
		CC008D591D0C630F008C0646 /* Products */ = {
			isa = PBXGroup;
			children = (
				CC008D601D0C630F008C0646 /* Charts.framework */,
				CC008D621D0C630F008C0646 /* Charts.framework */,
				CC008D641D0C630F008C0646 /* Charts.framework */,
				CC008D661D0C630F008C0646 /* ChartsTests.xctest */,
			);
			name = Products;
			sourceTree = "<group>";
		};
		CCD5542F1D09B5B000CFA4C7 = {
			isa = PBXGroup;
			children = (
				CCFD66E01D0B155A00B4FCA4 /* MBProgressHUD */,
				CCD5543A1D09B5B000CFA4C7 /* Electric Meter */,
				CCD5544F1D09B5B100CFA4C7 /* Electric MeterTests */,
				CCD5545A1D09B5B100CFA4C7 /* Electric MeterUITests */,
				CCD554391D09B5B000CFA4C7 /* Products */,
				CC008D581D0C630F008C0646 /* Charts.xcodeproj */,
				CCD554B21D09DE6400CFA4C7 /* Alamofire.xcodeproj */,
			);
			sourceTree = "<group>";
		};
		CCD554391D09B5B000CFA4C7 /* Products */ = {
			isa = PBXGroup;
			children = (
				CCD554381D09B5B000CFA4C7 /* Electric Meter.app */,
				CCD5544C1D09B5B000CFA4C7 /* Electric MeterTests.xctest */,
				CCD554571D09B5B100CFA4C7 /* Electric MeterUITests.xctest */,
			);
			name = Products;
			sourceTree = "<group>";
		};
		CCD5543A1D09B5B000CFA4C7 /* Electric Meter */ = {
			isa = PBXGroup;
			children = (
				CCD5543B1D09B5B000CFA4C7 /* AppDelegate.swift */,
				CCD5543D1D09B5B000CFA4C7 /* ViewController.swift */,
				CCF8390D1D0BD466009F8D91 /* InitialViewController.swift */,
				CCD5543F1D09B5B000CFA4C7 /* Main.storyboard */,
				CCD554421D09B5B000CFA4C7 /* Assets.xcassets */,
				CCD554441D09B5B000CFA4C7 /* LaunchScreen.storyboard */,
				CCD554471D09B5B000CFA4C7 /* Info.plist */,
			);
			path = "Electric Meter";
			sourceTree = "<group>";
		};
		CCD5544F1D09B5B100CFA4C7 /* Electric MeterTests */ = {
			isa = PBXGroup;
			children = (
				CCD554501D09B5B100CFA4C7 /* Electric_MeterTests.swift */,
				CCD554521D09B5B100CFA4C7 /* Info.plist */,
			);
			path = "Electric MeterTests";
			sourceTree = "<group>";
		};
		CCD5545A1D09B5B100CFA4C7 /* Electric MeterUITests */ = {
			isa = PBXGroup;
			children = (
				CCD5545B1D09B5B100CFA4C7 /* Electric_MeterUITests.swift */,
				CCD5545D1D09B5B100CFA4C7 /* Info.plist */,
			);
			path = "Electric MeterUITests";
			sourceTree = "<group>";
		};
		CCD554B31D09DE6400CFA4C7 /* Products */ = {
			isa = PBXGroup;
			children = (
				CCD554BD1D09DE6400CFA4C7 /* Alamofire.framework */,
				CCD554BF1D09DE6400CFA4C7 /* Alamofire iOS Tests.xctest */,
				CCD554C11D09DE6400CFA4C7 /* Alamofire.framework */,
				CCD554C31D09DE6400CFA4C7 /* Alamofire OSX Tests.xctest */,
				CCD554C51D09DE6400CFA4C7 /* Alamofire.framework */,
				CCD554C71D09DE6400CFA4C7 /* Alamofire tvOS Tests.xctest */,
				CCD554C91D09DE6400CFA4C7 /* Alamofire.framework */,
			);
			name = Products;
			sourceTree = "<group>";
		};
		CCFD66E01D0B155A00B4FCA4 /* MBProgressHUD */ = {
			isa = PBXGroup;
			children = (
				CCFD66E21D0B15BF00B4FCA4 /* MBProgressHUD.h */,
				CCFD66E31D0B15BF00B4FCA4 /* MBProgressHUD.m */,
				CCFD66E11D0B15BF00B4FCA4 /* Electric Meter-Bridging-Header.h */,
			);
			name = MBProgressHUD;
			sourceTree = "<group>";
		};
/* End PBXGroup section */

/* Begin PBXNativeTarget section */
		CCD554371D09B5B000CFA4C7 /* Electric Meter */ = {
			isa = PBXNativeTarget;
			buildConfigurationList = CCD554601D09B5B100CFA4C7 /* Build configuration list for PBXNativeTarget "Electric Meter" */;
			buildPhases = (
				CCD554341D09B5B000CFA4C7 /* Sources */,
				CCD554351D09B5B000CFA4C7 /* Frameworks */,
				CCD554361D09B5B000CFA4C7 /* Resources */,
				CCD5547C1D09B66700CFA4C7 /* Embed Frameworks */,
			);
			buildRules = (
			);
			dependencies = (
				CCD554CD1D09DE7800CFA4C7 /* PBXTargetDependency */,
				CC008D6A1D0C631F008C0646 /* PBXTargetDependency */,
			);
			name = "Electric Meter";
			productName = "Electric Meter";
			productReference = CCD554381D09B5B000CFA4C7 /* Electric Meter.app */;
			productType = "com.apple.product-type.application";
		};
		CCD5544B1D09B5B000CFA4C7 /* Electric MeterTests */ = {
			isa = PBXNativeTarget;
			buildConfigurationList = CCD554631D09B5B100CFA4C7 /* Build configuration list for PBXNativeTarget "Electric MeterTests" */;
			buildPhases = (
				CCD554481D09B5B000CFA4C7 /* Sources */,
				CCD554491D09B5B000CFA4C7 /* Frameworks */,
				CCD5544A1D09B5B000CFA4C7 /* Resources */,
			);
			buildRules = (
			);
			dependencies = (
				CCD5544E1D09B5B100CFA4C7 /* PBXTargetDependency */,
			);
			name = "Electric MeterTests";
			productName = "Electric MeterTests";
			productReference = CCD5544C1D09B5B000CFA4C7 /* Electric MeterTests.xctest */;
			productType = "com.apple.product-type.bundle.unit-test";
		};
		CCD554561D09B5B100CFA4C7 /* Electric MeterUITests */ = {
			isa = PBXNativeTarget;
			buildConfigurationList = CCD554661D09B5B100CFA4C7 /* Build configuration list for PBXNativeTarget "Electric MeterUITests" */;
			buildPhases = (
				CCD554531D09B5B100CFA4C7 /* Sources */,
				CCD554541D09B5B100CFA4C7 /* Frameworks */,
				CCD554551D09B5B100CFA4C7 /* Resources */,
			);
			buildRules = (
			);
			dependencies = (
				CCD554591D09B5B100CFA4C7 /* PBXTargetDependency */,
			);
			name = "Electric MeterUITests";
			productName = "Electric MeterUITests";
			productReference = CCD554571D09B5B100CFA4C7 /* Electric MeterUITests.xctest */;
			productType = "com.apple.product-type.bundle.ui-testing";
		};
/* End PBXNativeTarget section */

/* Begin PBXProject section */
		CCD554301D09B5B000CFA4C7 /* Project object */ = {
			isa = PBXProject;
			attributes = {
				LastSwiftUpdateCheck = 0730;
				LastUpgradeCheck = 0730;
				ORGANIZATIONNAME = Z.M.T;
				TargetAttributes = {
					CCD554371D09B5B000CFA4C7 = {
						CreatedOnToolsVersion = 7.3.1;
					};
					CCD5544B1D09B5B000CFA4C7 = {
						CreatedOnToolsVersion = 7.3.1;
						DevelopmentTeam = GPA9HN528J;
						TestTargetID = CCD554371D09B5B000CFA4C7;
					};
					CCD554561D09B5B100CFA4C7 = {
						CreatedOnToolsVersion = 7.3.1;
						DevelopmentTeam = GPA9HN528J;
						TestTargetID = CCD554371D09B5B000CFA4C7;
					};
				};
			};
			buildConfigurationList = CCD554331D09B5B000CFA4C7 /* Build configuration list for PBXProject "Electric Meter" */;
			compatibilityVersion = "Xcode 3.2";
			developmentRegion = English;
			hasScannedForEncodings = 0;
			knownRegions = (
				en,
				Base,
			);
			mainGroup = CCD5542F1D09B5B000CFA4C7;
			productRefGroup = CCD554391D09B5B000CFA4C7 /* Products */;
			projectDirPath = "";
			projectReferences = (
				{
					ProductGroup = CCD554B31D09DE6400CFA4C7 /* Products */;
					ProjectRef = CCD554B21D09DE6400CFA4C7 /* Alamofire.xcodeproj */;
				},
				{
					ProductGroup = CC008D591D0C630F008C0646 /* Products */;
					ProjectRef = CC008D581D0C630F008C0646 /* Charts.xcodeproj */;
				},
			);
			projectRoot = "";
			targets = (
				CCD554371D09B5B000CFA4C7 /* Electric Meter */,
				CCD5544B1D09B5B000CFA4C7 /* Electric MeterTests */,
				CCD554561D09B5B100CFA4C7 /* Electric MeterUITests */,
			);
		};
/* End PBXProject section */

/* Begin PBXReferenceProxy section */
		CC008D601D0C630F008C0646 /* Charts.framework */ = {
			isa = PBXReferenceProxy;
			fileType = wrapper.framework;
			path = Charts.framework;
			remoteRef = CC008D5F1D0C630F008C0646 /* PBXContainerItemProxy */;
			sourceTree = BUILT_PRODUCTS_DIR;
		};
		CC008D621D0C630F008C0646 /* Charts.framework */ = {
			isa = PBXReferenceProxy;
			fileType = wrapper.framework;
			path = Charts.framework;
			remoteRef = CC008D611D0C630F008C0646 /* PBXContainerItemProxy */;
			sourceTree = BUILT_PRODUCTS_DIR;
		};
		CC008D641D0C630F008C0646 /* Charts.framework */ = {
			isa = PBXReferenceProxy;
			fileType = wrapper.framework;
			path = Charts.framework;
			remoteRef = CC008D631D0C630F008C0646 /* PBXContainerItemProxy */;
			sourceTree = BUILT_PRODUCTS_DIR;
		};
		CC008D661D0C630F008C0646 /* ChartsTests.xctest */ = {
			isa = PBXReferenceProxy;
			fileType = wrapper.cfbundle;
			path = ChartsTests.xctest;
			remoteRef = CC008D651D0C630F008C0646 /* PBXContainerItemProxy */;
			sourceTree = BUILT_PRODUCTS_DIR;
		};
		CCD554BD1D09DE6400CFA4C7 /* Alamofire.framework */ = {
			isa = PBXReferenceProxy;
			fileType = wrapper.framework;
			path = Alamofire.framework;
			remoteRef = CCD554BC1D09DE6400CFA4C7 /* PBXContainerItemProxy */;
			sourceTree = BUILT_PRODUCTS_DIR;
		};
		CCD554BF1D09DE6400CFA4C7 /* Alamofire iOS Tests.xctest */ = {
			isa = PBXReferenceProxy;
			fileType = wrapper.cfbundle;
			path = "Alamofire iOS Tests.xctest";
			remoteRef = CCD554BE1D09DE6400CFA4C7 /* PBXContainerItemProxy */;
			sourceTree = BUILT_PRODUCTS_DIR;
		};
		CCD554C11D09DE6400CFA4C7 /* Alamofire.framework */ = {
			isa = PBXReferenceProxy;
			fileType = wrapper.framework;
			path = Alamofire.framework;
			remoteRef = CCD554C01D09DE6400CFA4C7 /* PBXContainerItemProxy */;
			sourceTree = BUILT_PRODUCTS_DIR;
		};
		CCD554C31D09DE6400CFA4C7 /* Alamofire OSX Tests.xctest */ = {
			isa = PBXReferenceProxy;
			fileType = wrapper.cfbundle;
			path = "Alamofire OSX Tests.xctest";
			remoteRef = CCD554C21D09DE6400CFA4C7 /* PBXContainerItemProxy */;
			sourceTree = BUILT_PRODUCTS_DIR;
		};
		CCD554C51D09DE6400CFA4C7 /* Alamofire.framework */ = {
			isa = PBXReferenceProxy;
			fileType = wrapper.framework;
			path = Alamofire.framework;
			remoteRef = CCD554C41D09DE6400CFA4C7 /* PBXContainerItemProxy */;
			sourceTree = BUILT_PRODUCTS_DIR;
		};
		CCD554C71D09DE6400CFA4C7 /* Alamofire tvOS Tests.xctest */ = {
			isa = PBXReferenceProxy;
			fileType = wrapper.cfbundle;
			path = "Alamofire tvOS Tests.xctest";
			remoteRef = CCD554C61D09DE6400CFA4C7 /* PBXContainerItemProxy */;
			sourceTree = BUILT_PRODUCTS_DIR;
		};
		CCD554C91D09DE6400CFA4C7 /* Alamofire.framework */ = {
			isa = PBXReferenceProxy;
			fileType = wrapper.framework;
			path = Alamofire.framework;
			remoteRef = CCD554C81D09DE6400CFA4C7 /* PBXContainerItemProxy */;
			sourceTree = BUILT_PRODUCTS_DIR;
		};
/* End PBXReferenceProxy section */

/* Begin PBXResourcesBuildPhase section */
		CCD554361D09B5B000CFA4C7 /* Resources */ = {
			isa = PBXResourcesBuildPhase;
			buildActionMask = 2147483647;
			files = (
				CCD554461D09B5B000CFA4C7 /* LaunchScreen.storyboard in Resources */,
				CCD554431D09B5B000CFA4C7 /* Assets.xcassets in Resources */,
				CCD554411D09B5B000CFA4C7 /* Main.storyboard in Resources */,
			);
			runOnlyForDeploymentPostprocessing = 0;
		};
		CCD5544A1D09B5B000CFA4C7 /* Resources */ = {
			isa = PBXResourcesBuildPhase;
			buildActionMask = 2147483647;
			files = (
			);
			runOnlyForDeploymentPostprocessing = 0;
		};
		CCD554551D09B5B100CFA4C7 /* Resources */ = {
			isa = PBXResourcesBuildPhase;
			buildActionMask = 2147483647;
			files = (
			);
			runOnlyForDeploymentPostprocessing = 0;
		};
/* End PBXResourcesBuildPhase section */

/* Begin PBXSourcesBuildPhase section */
		CCD554341D09B5B000CFA4C7 /* Sources */ = {
			isa = PBXSourcesBuildPhase;
			buildActionMask = 2147483647;
			files = (
				CCD5543E1D09B5B000CFA4C7 /* ViewController.swift in Sources */,
				CCFD66E41D0B15BF00B4FCA4 /* MBProgressHUD.m in Sources */,
				CCD5543C1D09B5B000CFA4C7 /* AppDelegate.swift in Sources */,
				CCF8390E1D0BD466009F8D91 /* InitialViewController.swift in Sources */,
			);
			runOnlyForDeploymentPostprocessing = 0;
		};
		CCD554481D09B5B000CFA4C7 /* Sources */ = {
			isa = PBXSourcesBuildPhase;
			buildActionMask = 2147483647;
			files = (
				CCD554511D09B5B100CFA4C7 /* Electric_MeterTests.swift in Sources */,
			);
			runOnlyForDeploymentPostprocessing = 0;
		};
		CCD554531D09B5B100CFA4C7 /* Sources */ = {
			isa = PBXSourcesBuildPhase;
			buildActionMask = 2147483647;
			files = (
				CCD5545C1D09B5B100CFA4C7 /* Electric_MeterUITests.swift in Sources */,
			);
			runOnlyForDeploymentPostprocessing = 0;
		};
/* End PBXSourcesBuildPhase section */

/* Begin PBXTargetDependency section */
		CC008D6A1D0C631F008C0646 /* PBXTargetDependency */ = {
			isa = PBXTargetDependency;
			name = "Charts-iOS";
			targetProxy = CC008D691D0C631F008C0646 /* PBXContainerItemProxy */;
		};
		CCD5544E1D09B5B100CFA4C7 /* PBXTargetDependency */ = {
			isa = PBXTargetDependency;
			target = CCD554371D09B5B000CFA4C7 /* Electric Meter */;
			targetProxy = CCD5544D1D09B5B100CFA4C7 /* PBXContainerItemProxy */;
		};
		CCD554591D09B5B100CFA4C7 /* PBXTargetDependency */ = {
			isa = PBXTargetDependency;
			target = CCD554371D09B5B000CFA4C7 /* Electric Meter */;
			targetProxy = CCD554581D09B5B100CFA4C7 /* PBXContainerItemProxy */;
		};
		CCD554CD1D09DE7800CFA4C7 /* PBXTargetDependency */ = {
			isa = PBXTargetDependency;
			name = "Alamofire iOS";
			targetProxy = CCD554CC1D09DE7800CFA4C7 /* PBXContainerItemProxy */;
		};
/* End PBXTargetDependency section */

/* Begin PBXVariantGroup section */
		CCD5543F1D09B5B000CFA4C7 /* Main.storyboard */ = {
			isa = PBXVariantGroup;
			children = (
				CCD554401D09B5B000CFA4C7 /* Base */,
			);
			name = Main.storyboard;
			sourceTree = "<group>";
		};
		CCD554441D09B5B000CFA4C7 /* LaunchScreen.storyboard */ = {
			isa = PBXVariantGroup;
			children = (
				CCD554451D09B5B000CFA4C7 /* Base */,
			);
			name = LaunchScreen.storyboard;
			sourceTree = "<group>";
		};
/* End PBXVariantGroup section */

/* Begin XCBuildConfiguration section */
		CCD5545E1D09B5B100CFA4C7 /* Debug */ = {
			isa = XCBuildConfiguration;
			buildSettings = {
				ALWAYS_SEARCH_USER_PATHS = NO;
				CLANG_ANALYZER_NONNULL = YES;
				CLANG_CXX_LANGUAGE_STANDARD = "gnu++0x";
				CLANG_CXX_LIBRARY = "libc++";
				CLANG_ENABLE_MODULES = YES;
				CLANG_ENABLE_OBJC_ARC = YES;
				CLANG_WARN_BOOL_CONVERSION = YES;
				CLANG_WARN_CONSTANT_CONVERSION = YES;
				CLANG_WARN_DIRECT_OBJC_ISA_USAGE = YES_ERROR;
				CLANG_WARN_EMPTY_BODY = YES;
				CLANG_WARN_ENUM_CONVERSION = YES;
				CLANG_WARN_INT_CONVERSION = YES;
				CLANG_WARN_OBJC_ROOT_CLASS = YES_ERROR;
				CLANG_WARN_UNREACHABLE_CODE = YES;
				CLANG_WARN__DUPLICATE_METHOD_MATCH = YES;
				"CODE_SIGN_IDENTITY[sdk=iphoneos*]" = "iPhone Developer";
				COPY_PHASE_STRIP = NO;
				DEBUG_INFORMATION_FORMAT = dwarf;
				ENABLE_STRICT_OBJC_MSGSEND = YES;
				ENABLE_TESTABILITY = YES;
				GCC_C_LANGUAGE_STANDARD = gnu99;
				GCC_DYNAMIC_NO_PIC = NO;
				GCC_NO_COMMON_BLOCKS = YES;
				GCC_OPTIMIZATION_LEVEL = 0;
				GCC_PREPROCESSOR_DEFINITIONS = (
					"DEBUG=1",
					"$(inherited)",
				);
				GCC_WARN_64_TO_32_BIT_CONVERSION = YES;
				GCC_WARN_ABOUT_RETURN_TYPE = YES_ERROR;
				GCC_WARN_UNDECLARED_SELECTOR = YES;
				GCC_WARN_UNINITIALIZED_AUTOS = YES_AGGRESSIVE;
				GCC_WARN_UNUSED_FUNCTION = YES;
				GCC_WARN_UNUSED_VARIABLE = YES;
				IPHONEOS_DEPLOYMENT_TARGET = 9.3;
				MTL_ENABLE_DEBUG_INFO = YES;
				ONLY_ACTIVE_ARCH = YES;
				SDKROOT = iphoneos;
				SWIFT_OPTIMIZATION_LEVEL = "-Onone";
			};
			name = Debug;
		};
		CCD5545F1D09B5B100CFA4C7 /* Release */ = {
			isa = XCBuildConfiguration;
			buildSettings = {
				ALWAYS_SEARCH_USER_PATHS = NO;
				CLANG_ANALYZER_NONNULL = YES;
				CLANG_CXX_LANGUAGE_STANDARD = "gnu++0x";
				CLANG_CXX_LIBRARY = "libc++";
				CLANG_ENABLE_MODULES = YES;
				CLANG_ENABLE_OBJC_ARC = YES;
				CLANG_WARN_BOOL_CONVERSION = YES;
				CLANG_WARN_CONSTANT_CONVERSION = YES;
				CLANG_WARN_DIRECT_OBJC_ISA_USAGE = YES_ERROR;
				CLANG_WARN_EMPTY_BODY = YES;
				CLANG_WARN_ENUM_CONVERSION = YES;
				CLANG_WARN_INT_CONVERSION = YES;
				CLANG_WARN_OBJC_ROOT_CLASS = YES_ERROR;
				CLANG_WARN_UNREACHABLE_CODE = YES;
				CLANG_WARN__DUPLICATE_METHOD_MATCH = YES;
				"CODE_SIGN_IDENTITY[sdk=iphoneos*]" = "iPhone Developer";
				COPY_PHASE_STRIP = NO;
				DEBUG_INFORMATION_FORMAT = "dwarf-with-dsym";
				ENABLE_NS_ASSERTIONS = NO;
				ENABLE_STRICT_OBJC_MSGSEND = YES;
				GCC_C_LANGUAGE_STANDARD = gnu99;
				GCC_NO_COMMON_BLOCKS = YES;
				GCC_WARN_64_TO_32_BIT_CONVERSION = YES;
				GCC_WARN_ABOUT_RETURN_TYPE = YES_ERROR;
				GCC_WARN_UNDECLARED_SELECTOR = YES;
				GCC_WARN_UNINITIALIZED_AUTOS = YES_AGGRESSIVE;
				GCC_WARN_UNUSED_FUNCTION = YES;
				GCC_WARN_UNUSED_VARIABLE = YES;
				IPHONEOS_DEPLOYMENT_TARGET = 9.3;
				MTL_ENABLE_DEBUG_INFO = NO;
				SDKROOT = iphoneos;
				VALIDATE_PRODUCT = YES;
			};
			name = Release;
		};
		CCD554611D09B5B100CFA4C7 /* Debug */ = {
			isa = XCBuildConfiguration;
			buildSettings = {
				ASSETCATALOG_COMPILER_APPICON_NAME = AppIcon;
				CLANG_ENABLE_MODULES = YES;
				CODE_SIGN_IDENTITY = "iPhone Developer";
				EMBEDDED_CONTENT_CONTAINS_SWIFT = YES;
				INFOPLIST_FILE = "Electric Meter/Info.plist";
				IPHONEOS_DEPLOYMENT_TARGET = 9.0;
				LD_RUNPATH_SEARCH_PATHS = "$(inherited) @executable_path/Frameworks";
				PRODUCT_BUNDLE_IDENTIFIER = "com.zmt.Electric-Meter";
				PRODUCT_NAME = "$(TARGET_NAME)";
				SWIFT_OBJC_BRIDGING_HEADER = "Electric Meter-Bridging-Header.h";
				SWIFT_OPTIMIZATION_LEVEL = "-Onone";
			};
			name = Debug;
		};
		CCD554621D09B5B100CFA4C7 /* Release */ = {
			isa = XCBuildConfiguration;
			buildSettings = {
				ASSETCATALOG_COMPILER_APPICON_NAME = AppIcon;
				CLANG_ENABLE_MODULES = YES;
				CODE_SIGN_IDENTITY = "iPhone Developer";
				EMBEDDED_CONTENT_CONTAINS_SWIFT = YES;
				INFOPLIST_FILE = "Electric Meter/Info.plist";
				IPHONEOS_DEPLOYMENT_TARGET = 9.0;
				LD_RUNPATH_SEARCH_PATHS = "$(inherited) @executable_path/Frameworks";
				PRODUCT_BUNDLE_IDENTIFIER = "com.zmt.Electric-Meter";
				PRODUCT_NAME = "$(TARGET_NAME)";
				SWIFT_OBJC_BRIDGING_HEADER = "Electric Meter-Bridging-Header.h";
			};
			name = Release;
		};
		CCD554641D09B5B100CFA4C7 /* Debug */ = {
			isa = XCBuildConfiguration;
			buildSettings = {
				BUNDLE_LOADER = "$(TEST_HOST)";
				INFOPLIST_FILE = "Electric MeterTests/Info.plist";
				LD_RUNPATH_SEARCH_PATHS = "$(inherited) @executable_path/Frameworks @loader_path/Frameworks";
				PRODUCT_BUNDLE_IDENTIFIER = "com.zmt.Electric-MeterTests";
				PRODUCT_NAME = "$(TARGET_NAME)";
				TEST_HOST = "$(BUILT_PRODUCTS_DIR)/Electric Meter.app/Electric Meter";
			};
			name = Debug;
		};
		CCD554651D09B5B100CFA4C7 /* Release */ = {
			isa = XCBuildConfiguration;
			buildSettings = {
				BUNDLE_LOADER = "$(TEST_HOST)";
				INFOPLIST_FILE = "Electric MeterTests/Info.plist";
				LD_RUNPATH_SEARCH_PATHS = "$(inherited) @executable_path/Frameworks @loader_path/Frameworks";
				PRODUCT_BUNDLE_IDENTIFIER = "com.zmt.Electric-MeterTests";
				PRODUCT_NAME = "$(TARGET_NAME)";
				TEST_HOST = "$(BUILT_PRODUCTS_DIR)/Electric Meter.app/Electric Meter";
			};
			name = Release;
		};
		CCD554671D09B5B100CFA4C7 /* Debug */ = {
			isa = XCBuildConfiguration;
			buildSettings = {
				INFOPLIST_FILE = "Electric MeterUITests/Info.plist";
				LD_RUNPATH_SEARCH_PATHS = "$(inherited) @executable_path/Frameworks @loader_path/Frameworks";
				PRODUCT_BUNDLE_IDENTIFIER = "com.zmt.Electric-MeterUITests";
				PRODUCT_NAME = "$(TARGET_NAME)";
				TEST_TARGET_NAME = "Electric Meter";
			};
			name = Debug;
		};
		CCD554681D09B5B100CFA4C7 /* Release */ = {
			isa = XCBuildConfiguration;
			buildSettings = {
				INFOPLIST_FILE = "Electric MeterUITests/Info.plist";
				LD_RUNPATH_SEARCH_PATHS = "$(inherited) @executable_path/Frameworks @loader_path/Frameworks";
				PRODUCT_BUNDLE_IDENTIFIER = "com.zmt.Electric-MeterUITests";
				PRODUCT_NAME = "$(TARGET_NAME)";
				TEST_TARGET_NAME = "Electric Meter";
			};
			name = Release;
		};
/* End XCBuildConfiguration section */

/* Begin XCConfigurationList section */
		CCD554331D09B5B000CFA4C7 /* Build configuration list for PBXProject "Electric Meter" */ = {
			isa = XCConfigurationList;
			buildConfigurations = (
				CCD5545E1D09B5B100CFA4C7 /* Debug */,
				CCD5545F1D09B5B100CFA4C7 /* Release */,
			);
			defaultConfigurationIsVisible = 0;
			defaultConfigurationName = Release;
		};
		CCD554601D09B5B100CFA4C7 /* Build configuration list for PBXNativeTarget "Electric Meter" */ = {
			isa = XCConfigurationList;
			buildConfigurations = (
				CCD554611D09B5B100CFA4C7 /* Debug */,
				CCD554621D09B5B100CFA4C7 /* Release */,
			);
			defaultConfigurationIsVisible = 0;
			defaultConfigurationName = Release;
		};
		CCD554631D09B5B100CFA4C7 /* Build configuration list for PBXNativeTarget "Electric MeterTests" */ = {
			isa = XCConfigurationList;
			buildConfigurations = (
				CCD554641D09B5B100CFA4C7 /* Debug */,
				CCD554651D09B5B100CFA4C7 /* Release */,
			);
			defaultConfigurationIsVisible = 0;
			defaultConfigurationName = Release;
		};
		CCD554661D09B5B100CFA4C7 /* Build configuration list for PBXNativeTarget "Electric MeterUITests" */ = {
			isa = XCConfigurationList;
			buildConfigurations = (
				CCD554671D09B5B100CFA4C7 /* Debug */,
				CCD554681D09B5B100CFA4C7 /* Release */,
			);
			defaultConfigurationIsVisible = 0;
			defaultConfigurationName = Release;
		};
/* End XCConfigurationList section */
	};
	rootObject = CCD554301D09B5B000CFA4C7 /* Project object */;
}
